
Microsoft Visual Studio Solution File, Format Version 12.00
# Visual Studio 14
VisualStudioVersion = 14.0.25123.0
MinimumVisualStudioVersion = 10.0.40219.1
Project("{FAE04EC0-301F-11D3-BF4B-00C04F79EFBC}") = "CnbCurrencyReader", "CnbCurrencyReader\CnbCurrencyReader.csproj", "{83261AD3-0E08-4A6C-A6ED-10E15303C9F8}"
EndProject
Project("{FAE04EC0-301F-11D3-BF4B-00C04F79EFBC}") = "DataAccess", "DataAccess\DataAccess.csproj", "{359BA7A8-A501-4E4C-895C-8B8B4F839CFE}"
EndProject
Project("{FAE04EC0-301F-11D3-BF4B-00C04F79EFBC}") = "CnbExchangeMarket", "CnbExchangeMarket\CnbExchangeMarket.csproj", "{2DA7BBE6-F4D6-4BD0-94A1-A18AD180DFC4}"
EndProject
Global
	GlobalSection(SolutionConfigurationPlatforms) = preSolution
		Debug|Any CPU = Debug|Any CPU
		Release|Any CPU = Release|Any CPU
	EndGlobalSection
	GlobalSection(ProjectConfigurationPlatforms) = postSolution
		{83261AD3-0E08-4A6C-A6ED-10E15303C9F8}.Debug|Any CPU.ActiveCfg = Debug|Any CPU
		{83261AD3-0E08-4A6C-A6ED-10E15303C9F8}.Debug|Any CPU.Build.0 = Debug|Any CPU
		{83261AD3-0E08-4A6C-A6ED-10E15303C9F8}.Release|Any CPU.ActiveCfg = Release|Any CPU
		{83261AD3-0E08-4A6C-A6ED-10E15303C9F8}.Release|Any CPU.Build.0 = Release|Any CPU
		{359BA7A8-A501-4E4C-895C-8B8B4F839CFE}.Debug|Any CPU.ActiveCfg = Debug|Any CPU
		{359BA7A8-A501-4E4C-895C-8B8B4F839CFE}.Debug|Any CPU.Build.0 = Debug|Any CPU
		{359BA7A8-A501-4E4C-895C-8B8B4F839CFE}.Release|Any CPU.ActiveCfg = Release|Any CPU
		{359BA7A8-A501-4E4C-895C-8B8B4F839CFE}.Release|Any CPU.Build.0 = Release|Any CPU
		{2DA7BBE6-F4D6-4BD0-94A1-A18AD180DFC4}.Debug|Any CPU.ActiveCfg = Debug|Any CPU
		{2DA7BBE6-F4D6-4BD0-94A1-A18AD180DFC4}.Debug|Any CPU.Build.0 = Debug|Any CPU
		{2DA7BBE6-F4D6-4BD0-94A1-A18AD180DFC4}.Release|Any CPU.ActiveCfg = Release|Any CPU
		{2DA7BBE6-F4D6-4BD0-94A1-A18AD180DFC4}.Release|Any CPU.Build.0 = Release|Any CPU
	EndGlobalSection
	GlobalSection(SolutionProperties) = preSolution
		HideSolutionNode = FALSE
	EndGlobalSection
EndGlobal
